{
  "requires": true,
  "lockfileVersion": 1,
  "dependencies": {
    "clone-framework": {
      "version": "2.4.10",
      "resolved": "https://registry.npmjs.org/clone-framework/-/clone-framework-2.4.10.tgz",
      "integrity": "sha512-7vbEOa/W6NxD1ygQiEHRUUFknODQ48mT57AS+OFE+YowHlLehE6vleDzFnKQX53UoIL7GCOIGJhOGP0U+R7PUw==",
      "dev": true
    }
  }
}
